
Microsoft Visual Studio Solution File, Format Version 12.00
# Visual Studio Version 17
VisualStudioVersion = 17.5.002.0
MinimumVisualStudioVersion = 10.0.40219.1
Project("{9A19103F-16F7-4668-BE54-9A1E7A4F7556}") = "DemoAPI", "DemoAPI\DemoAPI.csproj", "{76127814-EB41-4A76-B022-228CC5351757}"
EndProject
Global
	GlobalSection(SolutionConfigurationPlatforms) = preSolution
		Debug|Any CPU = Debug|Any CPU
		Release|Any CPU = Release|Any CPU
	EndGlobalSection
	GlobalSection(ProjectConfigurationPlatforms) = postSolution
		{76127814-EB41-4A76-B022-228CC5351757}.Debug|Any CPU.ActiveCfg = Debug|Any CPU
		{76127814-EB41-4A76-B022-228CC5351757}.Debug|Any CPU.Build.0 = Debug|Any CPU
		{76127814-EB41-4A76-B022-228CC5351757}.Release|Any CPU.ActiveCfg = Release|Any CPU
		{76127814-EB41-4A76-B022-228CC5351757}.Release|Any CPU.Build.0 = Release|Any CPU
	EndGlobalSection
	GlobalSection(SolutionProperties) = preSolution
		HideSolutionNode = FALSE
	EndGlobalSection
	GlobalSection(ExtensibilityGlobals) = postSolution
		SolutionGuid = {D4566BF5-6CD6-4510-AA2B-3AAD5148624A}
	EndGlobalSection
EndGlobal
